// !$*UTF8*$!
{
	archiveVersion = 1;
	classes = {
	};
	objectVersion = 46;
	objects = {

/* Begin PBXBuildFile section */
		00C302E51ABCBA2D00DB3ED1 /* libRCTActionSheet.a in Frameworks */ = {isa = PBXBuildFile; fileRef = 00C302AC1ABCB8CE00DB3ED1 /* libRCTActionSheet.a */; };
		00C302E71ABCBA2D00DB3ED1 /* libRCTGeolocation.a in Frameworks */ = {isa = PBXBuildFile; fileRef = 00C302BA1ABCB90400DB3ED1 /* libRCTGeolocation.a */; };
		00C302E81ABCBA2D00DB3ED1 /* libRCTImage.a in Frameworks */ = {isa = PBXBuildFile; fileRef = 00C302C01ABCB91800DB3ED1 /* libRCTImage.a */; };
		00C302E91ABCBA2D00DB3ED1 /* libRCTNetwork.a in Frameworks */ = {isa = PBXBuildFile; fileRef = 00C302DC1ABCB9D200DB3ED1 /* libRCTNetwork.a */; };
		00C302EA1ABCBA2D00DB3ED1 /* libRCTVibration.a in Frameworks */ = {isa = PBXBuildFile; fileRef = 00C302E41ABCB9EE00DB3ED1 /* libRCTVibration.a */; };
		133E29F31AD74F7200F7D852 /* libRCTLinking.a in Frameworks */ = {isa = PBXBuildFile; fileRef = 78C398B91ACF4ADC00677621 /* libRCTLinking.a */; };
		139105C61AF99C1200B5F7CC /* libRCTSettings.a in Frameworks */ = {isa = PBXBuildFile; fileRef = 139105C11AF99BAD00B5F7CC /* libRCTSettings.a */; };
		139FDEF61B0652A700C62182 /* libRCTWebSocket.a in Frameworks */ = {isa = PBXBuildFile; fileRef = 139FDEF41B06529B00C62182 /* libRCTWebSocket.a */; };
		13B07FBC1A68108700A75B9A /* AppDelegate.m in Sources */ = {isa = PBXBuildFile; fileRef = 13B07FB01A68108700A75B9A /* AppDelegate.m */; };
		13B07FBD1A68108700A75B9A /* LaunchScreen.xib in Resources */ = {isa = PBXBuildFile; fileRef = 13B07FB11A68108700A75B9A /* LaunchScreen.xib */; };
		13B07FBF1A68108700A75B9A /* Images.xcassets in Resources */ = {isa = PBXBuildFile; fileRef = 13B07FB51A68108700A75B9A /* Images.xcassets */; };
		13B07FC11A68108700A75B9A /* main.m in Sources */ = {isa = PBXBuildFile; fileRef = 13B07FB71A68108700A75B9A /* main.m */; };
		146834051AC3E58100842450 /* libReact.a in Frameworks */ = {isa = PBXBuildFile; fileRef = 146834041AC3E56700842450 /* libReact.a */; };
		182D207C1FB00302001CB054 /* UIColor+MLPFlatColors.m in Sources */ = {isa = PBXBuildFile; fileRef = 182D20731FB00302001CB054 /* UIColor+MLPFlatColors.m */; };
		182D207D1FB00302001CB054 /* UIImage+Common.m in Sources */ = {isa = PBXBuildFile; fileRef = 182D20751FB00302001CB054 /* UIImage+Common.m */; };
		182D207E1FB00302001CB054 /* UIImage+TintColor.m in Sources */ = {isa = PBXBuildFile; fileRef = 182D20771FB00302001CB054 /* UIImage+TintColor.m */; };
		182D207F1FB00302001CB054 /* UIView+CustomAutoLayout.m in Sources */ = {isa = PBXBuildFile; fileRef = 182D20791FB00302001CB054 /* UIView+CustomAutoLayout.m */; };
		182D20801FB00302001CB054 /* UIView+ShakeAnimation.m in Sources */ = {isa = PBXBuildFile; fileRef = 182D207B1FB00302001CB054 /* UIView+ShakeAnimation.m */; };
		1837F1121FAAF607005C46E6 /* libCOSClient.a in Frameworks */ = {isa = PBXBuildFile; fileRef = 1837F0F21FAAF607005C46E6 /* libCOSClient.a */; };
		1837F1151FAAF607005C46E6 /* ILiveConst.m in Sources */ = {isa = PBXBuildFile; fileRef = 1837F0FB1FAAF607005C46E6 /* ILiveConst.m */; };
		1837F1161FAAF607005C46E6 /* LiveCallView.m in Sources */ = {isa = PBXBuildFile; fileRef = 1837F0FD1FAAF607005C46E6 /* LiveCallView.m */; };
		1837F1171FAAF607005C46E6 /* RCTILive+Audio.m in Sources */ = {isa = PBXBuildFile; fileRef = 1837F0FF1FAAF607005C46E6 /* RCTILive+Audio.m */; };
		1837F1181FAAF607005C46E6 /* RCTILive+AVListener.m in Sources */ = {isa = PBXBuildFile; fileRef = 1837F1011FAAF607005C46E6 /* RCTILive+AVListener.m */; };
		1837F1191FAAF607005C46E6 /* RCTILive+ImListener.m in Sources */ = {isa = PBXBuildFile; fileRef = 1837F1031FAAF607005C46E6 /* RCTILive+ImListener.m */; };
		1837F11A1FAAF607005C46E6 /* RCTILive.m in Sources */ = {isa = PBXBuildFile; fileRef = 1837F1051FAAF607005C46E6 /* RCTILive.m */; };
		1837F11B1FAAF607005C46E6 /* RCTILiveVideoView.m in Sources */ = {isa = PBXBuildFile; fileRef = 1837F1071FAAF607005C46E6 /* RCTILiveVideoView.m */; };
		1837F11C1FAAF607005C46E6 /* RCTILiveViewManager.m in Sources */ = {isa = PBXBuildFile; fileRef = 1837F1091FAAF607005C46E6 /* RCTILiveViewManager.m */; };
		1837F11D1FAAF607005C46E6 /* UserViewManager.m in Sources */ = {isa = PBXBuildFile; fileRef = 1837F10C1FAAF607005C46E6 /* UserViewManager.m */; };
		1837F1201FAAF6D9005C46E6 /* LoadSDK.sh in Resources */ = {isa = PBXBuildFile; fileRef = 1837F11F1FAAF6D9005C46E6 /* LoadSDK.sh */; };
		1837F15F1FAB02B9005C46E6 /* QAVSDK.framework in Frameworks */ = {isa = PBXBuildFile; fileRef = 1837F14B1FAAFC9B005C46E6 /* QAVSDK.framework */; };
		1837F1611FAB02C0005C46E6 /* ILiveSDK.framework in Frameworks */ = {isa = PBXBuildFile; fileRef = 1837F14E1FAAFC9B005C46E6 /* ILiveSDK.framework */; };
		1837F1631FAB02C0005C46E6 /* TILFilterSDK.framework in Frameworks */ = {isa = PBXBuildFile; fileRef = 1837F1501FAAFC9B005C46E6 /* TILFilterSDK.framework */; };
		1837F1641FAB02C0005C46E6 /* TILLiveSDK.framework in Frameworks */ = {isa = PBXBuildFile; fileRef = 1837F1511FAAFC9B005C46E6 /* TILLiveSDK.framework */; };
		1837F1651FAB02C5005C46E6 /* IMCore.framework in Frameworks */ = {isa = PBXBuildFile; fileRef = 1837F15A1FAAFC9C005C46E6 /* IMCore.framework */; };
		1837F1661FAB02C5005C46E6 /* ImSDK.framework in Frameworks */ = {isa = PBXBuildFile; fileRef = 1837F15B1FAAFC9C005C46E6 /* ImSDK.framework */; };
		1837F1671FAB02C5005C46E6 /* IMSDKBugly.framework in Frameworks */ = {isa = PBXBuildFile; fileRef = 1837F15C1FAAFC9C005C46E6 /* IMSDKBugly.framework */; };
		1837F1681FAB02C5005C46E6 /* QALSDK.framework in Frameworks */ = {isa = PBXBuildFile; fileRef = 1837F15D1FAAFC9C005C46E6 /* QALSDK.framework */; };
		1837F1691FAB02C5005C46E6 /* TLSSDK.framework in Frameworks */ = {isa = PBXBuildFile; fileRef = 1837F15E1FAAFC9C005C46E6 /* TLSSDK.framework */; };
		1837F16B1FAB382E005C46E6 /* OpenAL.framework in Frameworks */ = {isa = PBXBuildFile; fileRef = 1837F16A1FAB382E005C46E6 /* OpenAL.framework */; };
		1837F1D91FAC2414005C46E6 /* libTXMBasic.a in Frameworks */ = {isa = PBXBuildFile; fileRef = 1837F1CA1FAC2414005C46E6 /* libTXMBasic.a */; };
		1837F1DA1FAC2414005C46E6 /* libTXMRenderer.a in Frameworks */ = {isa = PBXBuildFile; fileRef = 1837F1CB1FAC2414005C46E6 /* libTXMRenderer.a */; };
		1837F1DB1FAC2414005C46E6 /* libTXMVideoPreprocessorBasic.a in Frameworks */ = {isa = PBXBuildFile; fileRef = 1837F1CC1FAC2414005C46E6 /* libTXMVideoPreprocessorBasic.a */; };
		1837F1DC1FAC2414005C46E6 /* TXLiteAVVideoPreprocessorResource.bundle in Resources */ = {isa = PBXBuildFile; fileRef = 1837F1CD1FAC2414005C46E6 /* TXLiteAVVideoPreprocessorResource.bundle */; };
		18788AE11F583CB900CB3171 /* libc++.tbd in Frameworks */ = {isa = PBXBuildFile; fileRef = 18788AE01F583CB900CB3171 /* libc++.tbd */; };
		18788AE31F583CCB00CB3171 /* libstdc++.tbd in Frameworks */ = {isa = PBXBuildFile; fileRef = 18788AE21F583CCB00CB3171 /* libstdc++.tbd */; };
		18788AE51F583CD500CB3171 /* libstdc++.6.tbd in Frameworks */ = {isa = PBXBuildFile; fileRef = 18788AE41F583CD500CB3171 /* libstdc++.6.tbd */; };
		18788AE71F583CDD00CB3171 /* libz.tbd in Frameworks */ = {isa = PBXBuildFile; fileRef = 18788AE61F583CDD00CB3171 /* libz.tbd */; };
		18788AE91F583CEB00CB3171 /* libbz2.tbd in Frameworks */ = {isa = PBXBuildFile; fileRef = 18788AE81F583CEB00CB3171 /* libbz2.tbd */; };
		18788AEB1F583CF600CB3171 /* libiconv.tbd in Frameworks */ = {isa = PBXBuildFile; fileRef = 18788AEA1F583CF600CB3171 /* libiconv.tbd */; };
		18788AED1F583D0000CB3171 /* libresolv.tbd in Frameworks */ = {isa = PBXBuildFile; fileRef = 18788AEC1F583D0000CB3171 /* libresolv.tbd */; };
		18788AEF1F583D0900CB3171 /* libsqlite3.tbd in Frameworks */ = {isa = PBXBuildFile; fileRef = 18788AEE1F583D0900CB3171 /* libsqlite3.tbd */; };
		18788AF11F583D1400CB3171 /* libprotobuf.tbd in Frameworks */ = {isa = PBXBuildFile; fileRef = 18788AF01F583D1400CB3171 /* libprotobuf.tbd */; };
		18788AF31F583D1E00CB3171 /* UIKit.framework in Frameworks */ = {isa = PBXBuildFile; fileRef = 18788AF21F583D1E00CB3171 /* UIKit.framework */; };
		18788AF51F583D2700CB3171 /* CoreVideo.framework in Frameworks */ = {isa = PBXBuildFile; fileRef = 18788AF41F583D2700CB3171 /* CoreVideo.framework */; };
		18788AF71F583D2F00CB3171 /* CoreMedia.framework in Frameworks */ = {isa = PBXBuildFile; fileRef = 18788AF61F583D2F00CB3171 /* CoreMedia.framework */; };
		18788AF91F583D3C00CB3171 /* Accelerate.framework in Frameworks */ = {isa = PBXBuildFile; fileRef = 18788AF81F583D3C00CB3171 /* Accelerate.framework */; };
		18788AFB1F583D4A00CB3171 /* Foundation.framework in Frameworks */ = {isa = PBXBuildFile; fileRef = 18788AFA1F583D4A00CB3171 /* Foundation.framework */; };
		18788AFD1F583D5500CB3171 /* AVFoundation.framework in Frameworks */ = {isa = PBXBuildFile; fileRef = 18788AFC1F583D5500CB3171 /* AVFoundation.framework */; };
		18788AFF1F583D5D00CB3171 /* VideoToolbox.framework in Frameworks */ = {isa = PBXBuildFile; fileRef = 18788AFE1F583D5D00CB3171 /* VideoToolbox.framework */; };
		18788B011F583D6400CB3171 /* CoreGraphics.framework in Frameworks */ = {isa = PBXBuildFile; fileRef = 18788B001F583D6400CB3171 /* CoreGraphics.framework */; };
		18788B031F583D6D00CB3171 /* CoreTelephony.framework in Frameworks */ = {isa = PBXBuildFile; fileRef = 18788B021F583D6D00CB3171 /* CoreTelephony.framework */; };
		18788B051F583D7700CB3171 /* SystemConfiguration.framework in Frameworks */ = {isa = PBXBuildFile; fileRef = 18788B041F583D7700CB3171 /* SystemConfiguration.framework */; };
		18B49E851F5981290009EF9D /* AssetsLibrary.framework in Frameworks */ = {isa = PBXBuildFile; fileRef = 18B49E841F5981290009EF9D /* AssetsLibrary.framework */; };
		5E9157361DD0AC6A00FF2AA8 /* libRCTAnimation.a in Frameworks */ = {isa = PBXBuildFile; fileRef = 5E9157331DD0AC6500FF2AA8 /* libRCTAnimation.a */; };
		832341BD1AAA6AB300B99B32 /* libRCTText.a in Frameworks */ = {isa = PBXBuildFile; fileRef = 832341B51AAA6A8300B99B32 /* libRCTText.a */; };
/* End PBXBuildFile section */

/* Begin PBXContainerItemProxy section */
		00C302AB1ABCB8CE00DB3ED1 /* PBXContainerItemProxy */ = {
			isa = PBXContainerItemProxy;
			containerPortal = 00C302A71ABCB8CE00DB3ED1 /* RCTActionSheet.xcodeproj */;
			proxyType = 2;
			remoteGlobalIDString = 134814201AA4EA6300B7C361;
			remoteInfo = RCTActionSheet;
		};
		00C302B91ABCB90400DB3ED1 /* PBXContainerItemProxy */ = {
			isa = PBXContainerItemProxy;
			containerPortal = 00C302B51ABCB90400DB3ED1 /* RCTGeolocation.xcodeproj */;
			proxyType = 2;
			remoteGlobalIDString = 134814201AA4EA6300B7C361;
			remoteInfo = RCTGeolocation;
		};
		00C302BF1ABCB91800DB3ED1 /* PBXContainerItemProxy */ = {
			isa = PBXContainerItemProxy;
			containerPortal = 00C302BB1ABCB91800DB3ED1 /* RCTImage.xcodeproj */;
			proxyType = 2;
			remoteGlobalIDString = 58B5115D1A9E6B3D00147676;
			remoteInfo = RCTImage;
		};
		00C302DB1ABCB9D200DB3ED1 /* PBXContainerItemProxy */ = {
			isa = PBXContainerItemProxy;
			containerPortal = 00C302D31ABCB9D200DB3ED1 /* RCTNetwork.xcodeproj */;
			proxyType = 2;
			remoteGlobalIDString = 58B511DB1A9E6C8500147676;
			remoteInfo = RCTNetwork;
		};
		00C302E31ABCB9EE00DB3ED1 /* PBXContainerItemProxy */ = {
			isa = PBXContainerItemProxy;
			containerPortal = 00C302DF1ABCB9EE00DB3ED1 /* RCTVibration.xcodeproj */;
			proxyType = 2;
			remoteGlobalIDString = 832C81801AAF6DEF007FA2F7;
			remoteInfo = RCTVibration;
		};
		139105C01AF99BAD00B5F7CC /* PBXContainerItemProxy */ = {
			isa = PBXContainerItemProxy;
			containerPortal = 139105B61AF99BAD00B5F7CC /* RCTSettings.xcodeproj */;
			proxyType = 2;
			remoteGlobalIDString = 134814201AA4EA6300B7C361;
			remoteInfo = RCTSettings;
		};
		139FDEF31B06529B00C62182 /* PBXContainerItemProxy */ = {
			isa = PBXContainerItemProxy;
			containerPortal = 139FDEE61B06529A00C62182 /* RCTWebSocket.xcodeproj */;
			proxyType = 2;
			remoteGlobalIDString = 3C86DF461ADF2C930047B81A;
			remoteInfo = RCTWebSocket;
		};
		146834031AC3E56700842450 /* PBXContainerItemProxy */ = {
			isa = PBXContainerItemProxy;
			containerPortal = 146833FF1AC3E56700842450 /* React.xcodeproj */;
			proxyType = 2;
			remoteGlobalIDString = 83CBBA2E1A601D0E00E9B192;
			remoteInfo = React;
		};
		18788A851F580EC500CB3171 /* PBXContainerItemProxy */ = {
			isa = PBXContainerItemProxy;
			containerPortal = 146833FF1AC3E56700842450 /* React.xcodeproj */;
			proxyType = 2;
			remoteGlobalIDString = 139D7ECE1E25DB7D00323FB7;
			remoteInfo = "third-party";
		};
		18788A871F580EC500CB3171 /* PBXContainerItemProxy */ = {
			isa = PBXContainerItemProxy;
			containerPortal = 146833FF1AC3E56700842450 /* React.xcodeproj */;
			proxyType = 2;
			remoteGlobalIDString = 3D383D3C1EBD27B6005632C8;
			remoteInfo = "third-party-tvOS";
		};
		18788A891F580EC500CB3171 /* PBXContainerItemProxy */ = {
			isa = PBXContainerItemProxy;
			containerPortal = 146833FF1AC3E56700842450 /* React.xcodeproj */;
			proxyType = 2;
			remoteGlobalIDString = 139D7E881E25C6D100323FB7;
			remoteInfo = "double-conversion";
		};
		18788A8B1F580EC500CB3171 /* PBXContainerItemProxy */ = {
			isa = PBXContainerItemProxy;
			containerPortal = 146833FF1AC3E56700842450 /* React.xcodeproj */;
			proxyType = 2;
			remoteGlobalIDString = 3D383D621EBD27B9005632C8;
			remoteInfo = "double-conversion-tvOS";
		};
		3DAD3E831DF850E9000B6D8A /* PBXContainerItemProxy */ = {
			isa = PBXContainerItemProxy;
			containerPortal = 00C302BB1ABCB91800DB3ED1 /* RCTImage.xcodeproj */;
			proxyType = 2;
			remoteGlobalIDString = 2D2A283A1D9B042B00D4039D;
			remoteInfo = "RCTImage-tvOS";
		};
		3DAD3E871DF850E9000B6D8A /* PBXContainerItemProxy */ = {
			isa = PBXContainerItemProxy;
			containerPortal = 78C398B01ACF4ADC00677621 /* RCTLinking.xcodeproj */;
			proxyType = 2;
			remoteGlobalIDString = 2D2A28471D9B043800D4039D;
			remoteInfo = "RCTLinking-tvOS";
		};
		3DAD3E8B1DF850E9000B6D8A /* PBXContainerItemProxy */ = {
			isa = PBXContainerItemProxy;
			containerPortal = 00C302D31ABCB9D200DB3ED1 /* RCTNetwork.xcodeproj */;
			proxyType = 2;
			remoteGlobalIDString = 2D2A28541D9B044C00D4039D;
			remoteInfo = "RCTNetwork-tvOS";
		};
		3DAD3E8F1DF850E9000B6D8A /* PBXContainerItemProxy */ = {
			isa = PBXContainerItemProxy;
			containerPortal = 139105B61AF99BAD00B5F7CC /* RCTSettings.xcodeproj */;
			proxyType = 2;
			remoteGlobalIDString = 2D2A28611D9B046600D4039D;
			remoteInfo = "RCTSettings-tvOS";
		};
		3DAD3E931DF850E9000B6D8A /* PBXContainerItemProxy */ = {
			isa = PBXContainerItemProxy;
			containerPortal = 832341B01AAA6A8300B99B32 /* RCTText.xcodeproj */;
			proxyType = 2;
			remoteGlobalIDString = 2D2A287B1D9B048500D4039D;
			remoteInfo = "RCTText-tvOS";
		};
		3DAD3E981DF850E9000B6D8A /* PBXContainerItemProxy */ = {
			isa = PBXContainerItemProxy;
			containerPortal = 139FDEE61B06529A00C62182 /* RCTWebSocket.xcodeproj */;
			proxyType = 2;
			remoteGlobalIDString = 2D2A28881D9B049200D4039D;
			remoteInfo = "RCTWebSocket-tvOS";
		};
		3DAD3EA21DF850E9000B6D8A /* PBXContainerItemProxy */ = {
			isa = PBXContainerItemProxy;
			containerPortal = 146833FF1AC3E56700842450 /* React.xcodeproj */;
			proxyType = 2;
			remoteGlobalIDString = 2D2A28131D9B038B00D4039D;
			remoteInfo = "React-tvOS";
		};
		3DAD3EA41DF850E9000B6D8A /* PBXContainerItemProxy */ = {
			isa = PBXContainerItemProxy;
			containerPortal = 146833FF1AC3E56700842450 /* React.xcodeproj */;
			proxyType = 2;
			remoteGlobalIDString = 3D3C059A1DE3340900C268FA;
			remoteInfo = yoga;
		};
		3DAD3EA61DF850E9000B6D8A /* PBXContainerItemProxy */ = {
			isa = PBXContainerItemProxy;
			containerPortal = 146833FF1AC3E56700842450 /* React.xcodeproj */;
			proxyType = 2;
			remoteGlobalIDString = 3D3C06751DE3340C00C268FA;
			remoteInfo = "yoga-tvOS";
		};
		3DAD3EA81DF850E9000B6D8A /* PBXContainerItemProxy */ = {
			isa = PBXContainerItemProxy;
			containerPortal = 146833FF1AC3E56700842450 /* React.xcodeproj */;
			proxyType = 2;
			remoteGlobalIDString = 3D3CD9251DE5FBEC00167DC4;
			remoteInfo = cxxreact;
		};
		3DAD3EAA1DF850E9000B6D8A /* PBXContainerItemProxy */ = {
			isa = PBXContainerItemProxy;
			containerPortal = 146833FF1AC3E56700842450 /* React.xcodeproj */;
			proxyType = 2;
			remoteGlobalIDString = 3D3CD9321DE5FBEE00167DC4;
			remoteInfo = "cxxreact-tvOS";
		};
		3DAD3EAC1DF850E9000B6D8A /* PBXContainerItemProxy */ = {
			isa = PBXContainerItemProxy;
			containerPortal = 146833FF1AC3E56700842450 /* React.xcodeproj */;
			proxyType = 2;
			remoteGlobalIDString = 3D3CD90B1DE5FBD600167DC4;
			remoteInfo = jschelpers;
		};
		3DAD3EAE1DF850E9000B6D8A /* PBXContainerItemProxy */ = {
			isa = PBXContainerItemProxy;
			containerPortal = 146833FF1AC3E56700842450 /* React.xcodeproj */;
			proxyType = 2;
			remoteGlobalIDString = 3D3CD9181DE5FBD800167DC4;
			remoteInfo = "jschelpers-tvOS";
		};
		5E9157321DD0AC6500FF2AA8 /* PBXContainerItemProxy */ = {
			isa = PBXContainerItemProxy;
			containerPortal = 5E91572D1DD0AC6500FF2AA8 /* RCTAnimation.xcodeproj */;
			proxyType = 2;
			remoteGlobalIDString = 134814201AA4EA6300B7C361;
			remoteInfo = RCTAnimation;
		};
		5E9157341DD0AC6500FF2AA8 /* PBXContainerItemProxy */ = {
			isa = PBXContainerItemProxy;
			containerPortal = 5E91572D1DD0AC6500FF2AA8 /* RCTAnimation.xcodeproj */;
			proxyType = 2;
			remoteGlobalIDString = 2D2A28201D9B03D100D4039D;
			remoteInfo = "RCTAnimation-tvOS";
		};
		78C398B81ACF4ADC00677621 /* PBXContainerItemProxy */ = {
			isa = PBXContainerItemProxy;
			containerPortal = 78C398B01ACF4ADC00677621 /* RCTLinking.xcodeproj */;
			proxyType = 2;
			remoteGlobalIDString = 134814201AA4EA6300B7C361;
			remoteInfo = RCTLinking;
		};
		832341B41AAA6A8300B99B32 /* PBXContainerItemProxy */ = {
			isa = PBXContainerItemProxy;
			containerPortal = 832341B01AAA6A8300B99B32 /* RCTText.xcodeproj */;
			proxyType = 2;
			remoteGlobalIDString = 58B5119B1A9E6C1200147676;
			remoteInfo = RCTText;
		};
/* End PBXContainerItemProxy section */

/* Begin PBXFileReference section */
		008F07F21AC5B25A0029DE68 /* main.jsbundle */ = {isa = PBXFileReference; fileEncoding = 4; lastKnownFileType = text; path = main.jsbundle; sourceTree = "<group>"; };
		00C302A71ABCB8CE00DB3ED1 /* RCTActionSheet.xcodeproj */ = {isa = PBXFileReference; lastKnownFileType = "wrapper.pb-project"; name = RCTActionSheet.xcodeproj; path = "../node_modules/react-native/Libraries/ActionSheetIOS/RCTActionSheet.xcodeproj"; sourceTree = "<group>"; };
		00C302B51ABCB90400DB3ED1 /* RCTGeolocation.xcodeproj */ = {isa = PBXFileReference; lastKnownFileType = "wrapper.pb-project"; name = RCTGeolocation.xcodeproj; path = "../node_modules/react-native/Libraries/Geolocation/RCTGeolocation.xcodeproj"; sourceTree = "<group>"; };
		00C302BB1ABCB91800DB3ED1 /* RCTImage.xcodeproj */ = {isa = PBXFileReference; lastKnownFileType = "wrapper.pb-project"; name = RCTImage.xcodeproj; path = "../node_modules/react-native/Libraries/Image/RCTImage.xcodeproj"; sourceTree = "<group>"; };
		00C302D31ABCB9D200DB3ED1 /* RCTNetwork.xcodeproj */ = {isa = PBXFileReference; lastKnownFileType = "wrapper.pb-project"; name = RCTNetwork.xcodeproj; path = "../node_modules/react-native/Libraries/Network/RCTNetwork.xcodeproj"; sourceTree = "<group>"; };
		00C302DF1ABCB9EE00DB3ED1 /* RCTVibration.xcodeproj */ = {isa = PBXFileReference; lastKnownFileType = "wrapper.pb-project"; name = RCTVibration.xcodeproj; path = "../node_modules/react-native/Libraries/Vibration/RCTVibration.xcodeproj"; sourceTree = "<group>"; };
		139105B61AF99BAD00B5F7CC /* RCTSettings.xcodeproj */ = {isa = PBXFileReference; lastKnownFileType = "wrapper.pb-project"; name = RCTSettings.xcodeproj; path = "../node_modules/react-native/Libraries/Settings/RCTSettings.xcodeproj"; sourceTree = "<group>"; };
		139FDEE61B06529A00C62182 /* RCTWebSocket.xcodeproj */ = {isa = PBXFileReference; lastKnownFileType = "wrapper.pb-project"; name = RCTWebSocket.xcodeproj; path = "../node_modules/react-native/Libraries/WebSocket/RCTWebSocket.xcodeproj"; sourceTree = "<group>"; };
		13B07F961A680F5B00A75B9A /* ReactNativeILive.app */ = {isa = PBXFileReference; explicitFileType = wrapper.application; includeInIndex = 0; path = ReactNativeILive.app; sourceTree = BUILT_PRODUCTS_DIR; };
		13B07FAF1A68108700A75B9A /* AppDelegate.h */ = {isa = PBXFileReference; fileEncoding = 4; lastKnownFileType = sourcecode.c.h; name = AppDelegate.h; path = ReactNativeILive/AppDelegate.h; sourceTree = "<group>"; };
		13B07FB01A68108700A75B9A /* AppDelegate.m */ = {isa = PBXFileReference; fileEncoding = 4; lastKnownFileType = sourcecode.c.objc; name = AppDelegate.m; path = ReactNativeILive/AppDelegate.m; sourceTree = "<group>"; };
		13B07FB21A68108700A75B9A /* Base */ = {isa = PBXFileReference; lastKnownFileType = file.xib; name = Base; path = Base.lproj/LaunchScreen.xib; sourceTree = "<group>"; };
		13B07FB51A68108700A75B9A /* Images.xcassets */ = {isa = PBXFileReference; lastKnownFileType = folder.assetcatalog; name = Images.xcassets; path = ReactNativeILive/Images.xcassets; sourceTree = "<group>"; };
		13B07FB61A68108700A75B9A /* Info.plist */ = {isa = PBXFileReference; fileEncoding = 4; lastKnownFileType = text.plist.xml; name = Info.plist; path = ReactNativeILive/Info.plist; sourceTree = "<group>"; };
		13B07FB71A68108700A75B9A /* main.m */ = {isa = PBXFileReference; fileEncoding = 4; lastKnownFileType = sourcecode.c.objc; name = main.m; path = ReactNativeILive/main.m; sourceTree = "<group>"; };
		146833FF1AC3E56700842450 /* React.xcodeproj */ = {isa = PBXFileReference; lastKnownFileType = "wrapper.pb-project"; name = React.xcodeproj; path = "../node_modules/react-native/React/React.xcodeproj"; sourceTree = "<group>"; };
		182D20711FB00302001CB054 /* CategoryHeader.h */ = {isa = PBXFileReference; fileEncoding = 4; lastKnownFileType = sourcecode.c.h; path = CategoryHeader.h; sourceTree = "<group>"; };
		182D20721FB00302001CB054 /* UIColor+MLPFlatColors.h */ = {isa = PBXFileReference; fileEncoding = 4; lastKnownFileType = sourcecode.c.h; path = "UIColor+MLPFlatColors.h"; sourceTree = "<group>"; };
		182D20731FB00302001CB054 /* UIColor+MLPFlatColors.m */ = {isa = PBXFileReference; fileEncoding = 4; lastKnownFileType = sourcecode.c.objc; path = "UIColor+MLPFlatColors.m"; sourceTree = "<group>"; };
		182D20741FB00302001CB054 /* UIImage+Common.h */ = {isa = PBXFileReference; fileEncoding = 4; lastKnownFileType = sourcecode.c.h; path = "UIImage+Common.h"; sourceTree = "<group>"; };
		182D20751FB00302001CB054 /* UIImage+Common.m */ = {isa = PBXFileReference; fileEncoding = 4; lastKnownFileType = sourcecode.c.objc; path = "UIImage+Common.m"; sourceTree = "<group>"; };
		182D20761FB00302001CB054 /* UIImage+TintColor.h */ = {isa = PBXFileReference; fileEncoding = 4; lastKnownFileType = sourcecode.c.h; path = "UIImage+TintColor.h"; sourceTree = "<group>"; };
		182D20771FB00302001CB054 /* UIImage+TintColor.m */ = {isa = PBXFileReference; fileEncoding = 4; lastKnownFileType = sourcecode.c.objc; path = "UIImage+TintColor.m"; sourceTree = "<group>"; };
		182D20781FB00302001CB054 /* UIView+CustomAutoLayout.h */ = {isa = PBXFileReference; fileEncoding = 4; lastKnownFileType = sourcecode.c.h; path = "UIView+CustomAutoLayout.h"; sourceTree = "<group>"; };
		182D20791FB00302001CB054 /* UIView+CustomAutoLayout.m */ = {isa = PBXFileReference; fileEncoding = 4; lastKnownFileType = sourcecode.c.objc; path = "UIView+CustomAutoLayout.m"; sourceTree = "<group>"; };
		182D207A1FB00302001CB054 /* UIView+ShakeAnimation.h */ = {isa = PBXFileReference; fileEncoding = 4; lastKnownFileType = sourcecode.c.h; path = "UIView+ShakeAnimation.h"; sourceTree = "<group>"; };
		182D207B1FB00302001CB054 /* UIView+ShakeAnimation.m */ = {isa = PBXFileReference; fileEncoding = 4; lastKnownFileType = sourcecode.c.objc; path = "UIView+ShakeAnimation.m"; sourceTree = "<group>"; };
		1837F0EE1FAAF607005C46E6 /* ConstHeader.h */ = {isa = PBXFileReference; fileEncoding = 4; lastKnownFileType = sourcecode.c.h; path = ConstHeader.h; sourceTree = "<group>"; };
		1837F0F01FAAF607005C46E6 /* COSClient.h */ = {isa = PBXFileReference; fileEncoding = 4; lastKnownFileType = sourcecode.c.h; path = COSClient.h; sourceTree = "<group>"; };
		1837F0F11FAAF607005C46E6 /* COSTask.h */ = {isa = PBXFileReference; fileEncoding = 4; lastKnownFileType = sourcecode.c.h; path = COSTask.h; sourceTree = "<group>"; };
		1837F0F21FAAF607005C46E6 /* libCOSClient.a */ = {isa = PBXFileReference; lastKnownFileType = archive.ar; path = libCOSClient.a; sourceTree = "<group>"; };
		1837F0FA1FAAF607005C46E6 /* ILiveConst.h */ = {isa = PBXFileReference; fileEncoding = 4; lastKnownFileType = sourcecode.c.h; path = ILiveConst.h; sourceTree = "<group>"; };
		1837F0FB1FAAF607005C46E6 /* ILiveConst.m */ = {isa = PBXFileReference; fileEncoding = 4; lastKnownFileType = sourcecode.c.objc; path = ILiveConst.m; sourceTree = "<group>"; };
		1837F0FC1FAAF607005C46E6 /* LiveCallView.h */ = {isa = PBXFileReference; fileEncoding = 4; lastKnownFileType = sourcecode.c.h; path = LiveCallView.h; sourceTree = "<group>"; };
		1837F0FD1FAAF607005C46E6 /* LiveCallView.m */ = {isa = PBXFileReference; fileEncoding = 4; lastKnownFileType = sourcecode.c.objc; path = LiveCallView.m; sourceTree = "<group>"; };
		1837F0FE1FAAF607005C46E6 /* RCTILive+Audio.h */ = {isa = PBXFileReference; fileEncoding = 4; lastKnownFileType = sourcecode.c.h; path = "RCTILive+Audio.h"; sourceTree = "<group>"; };
		1837F0FF1FAAF607005C46E6 /* RCTILive+Audio.m */ = {isa = PBXFileReference; fileEncoding = 4; lastKnownFileType = sourcecode.c.objc; path = "RCTILive+Audio.m"; sourceTree = "<group>"; };
		1837F1001FAAF607005C46E6 /* RCTILive+AVListener.h */ = {isa = PBXFileReference; fileEncoding = 4; lastKnownFileType = sourcecode.c.h; path = "RCTILive+AVListener.h"; sourceTree = "<group>"; };
		1837F1011FAAF607005C46E6 /* RCTILive+AVListener.m */ = {isa = PBXFileReference; fileEncoding = 4; lastKnownFileType = sourcecode.c.objc; path = "RCTILive+AVListener.m"; sourceTree = "<group>"; };
		1837F1021FAAF607005C46E6 /* RCTILive+ImListener.h */ = {isa = PBXFileReference; fileEncoding = 4; lastKnownFileType = sourcecode.c.h; path = "RCTILive+ImListener.h"; sourceTree = "<group>"; };
		1837F1031FAAF607005C46E6 /* RCTILive+ImListener.m */ = {isa = PBXFileReference; fileEncoding = 4; lastKnownFileType = sourcecode.c.objc; path = "RCTILive+ImListener.m"; sourceTree = "<group>"; };
		1837F1041FAAF607005C46E6 /* RCTILive.h */ = {isa = PBXFileReference; fileEncoding = 4; lastKnownFileType = sourcecode.c.h; path = RCTILive.h; sourceTree = "<group>"; };
		1837F1051FAAF607005C46E6 /* RCTILive.m */ = {isa = PBXFileReference; fileEncoding = 4; lastKnownFileType = sourcecode.c.objc; path = RCTILive.m; sourceTree = "<group>"; };
		1837F1061FAAF607005C46E6 /* RCTILiveVideoView.h */ = {isa = PBXFileReference; fileEncoding = 4; lastKnownFileType = sourcecode.c.h; path = RCTILiveVideoView.h; sourceTree = "<group>"; };
		1837F1071FAAF607005C46E6 /* RCTILiveVideoView.m */ = {isa = PBXFileReference; fileEncoding = 4; lastKnownFileType = sourcecode.c.objc; path = RCTILiveVideoView.m; sourceTree = "<group>"; };
		1837F1081FAAF607005C46E6 /* RCTILiveViewManager.h */ = {isa = PBXFileReference; fileEncoding = 4; lastKnownFileType = sourcecode.c.h; path = RCTILiveViewManager.h; sourceTree = "<group>"; };
		1837F1091FAAF607005C46E6 /* RCTILiveViewManager.m */ = {isa = PBXFileReference; fileEncoding = 4; lastKnownFileType = sourcecode.c.objc; path = RCTILiveViewManager.m; sourceTree = "<group>"; };
		1837F10A1FAAF607005C46E6 /* TILLiveSDKShow-Prefix.pch */ = {isa = PBXFileReference; fileEncoding = 4; lastKnownFileType = sourcecode.c.h; path = "TILLiveSDKShow-Prefix.pch"; sourceTree = "<group>"; };
		1837F10B1FAAF607005C46E6 /* UserViewManager.h */ = {isa = PBXFileReference; fileEncoding = 4; lastKnownFileType = sourcecode.c.h; path = UserViewManager.h; sourceTree = "<group>"; };
		1837F10C1FAAF607005C46E6 /* UserViewManager.m */ = {isa = PBXFileReference; fileEncoding = 4; lastKnownFileType = sourcecode.c.objc; path = UserViewManager.m; sourceTree = "<group>"; };
		1837F11F1FAAF6D9005C46E6 /* LoadSDK.sh */ = {isa = PBXFileReference; fileEncoding = 4; lastKnownFileType = text.script.sh; path = LoadSDK.sh; sourceTree = "<group>"; };
		1837F14B1FAAFC9B005C46E6 /* QAVSDK.framework */ = {isa = PBXFileReference; lastKnownFileType = wrapper.framework; path = QAVSDK.framework; sourceTree = "<group>"; };
		1837F14E1FAAFC9B005C46E6 /* ILiveSDK.framework */ = {isa = PBXFileReference; lastKnownFileType = wrapper.framework; path = ILiveSDK.framework; sourceTree = "<group>"; };
		1837F14F1FAAFC9B005C46E6 /* TILFilterResource.bundle */ = {isa = PBXFileReference; lastKnownFileType = "wrapper.plug-in"; path = TILFilterResource.bundle; sourceTree = "<group>"; };
		1837F1501FAAFC9B005C46E6 /* TILFilterSDK.framework */ = {isa = PBXFileReference; lastKnownFileType = wrapper.framework; path = TILFilterSDK.framework; sourceTree = "<group>"; };
		1837F1511FAAFC9B005C46E6 /* TILLiveSDK.framework */ = {isa = PBXFileReference; lastKnownFileType = wrapper.framework; path = TILLiveSDK.framework; sourceTree = "<group>"; };
		1837F15A1FAAFC9C005C46E6 /* IMCore.framework */ = {isa = PBXFileReference; lastKnownFileType = wrapper.framework; path = IMCore.framework; sourceTree = "<group>"; };
		1837F15B1FAAFC9C005C46E6 /* ImSDK.framework */ = {isa = PBXFileReference; lastKnownFileType = wrapper.framework; path = ImSDK.framework; sourceTree = "<group>"; };
		1837F15C1FAAFC9C005C46E6 /* IMSDKBugly.framework */ = {isa = PBXFileReference; lastKnownFileType = wrapper.framework; path = IMSDKBugly.framework; sourceTree = "<group>"; };
		1837F15D1FAAFC9C005C46E6 /* QALSDK.framework */ = {isa = PBXFileReference; lastKnownFileType = wrapper.framework; path = QALSDK.framework; sourceTree = "<group>"; };
		1837F15E1FAAFC9C005C46E6 /* TLSSDK.framework */ = {isa = PBXFileReference; lastKnownFileType = wrapper.framework; path = TLSSDK.framework; sourceTree = "<group>"; };
		1837F16A1FAB382E005C46E6 /* OpenAL.framework */ = {isa = PBXFileReference; lastKnownFileType = wrapper.framework; name = OpenAL.framework; path = System/Library/Frameworks/OpenAL.framework; sourceTree = SDKROOT; };
		1837F1C41FAC2414005C46E6 /* TXCRenderView.h */ = {isa = PBXFileReference; fileEncoding = 4; lastKnownFileType = sourcecode.c.h; path = TXCRenderView.h; sourceTree = "<group>"; };
		1837F1C51FAC2414005C46E6 /* TXCVideoPreprocessor.h */ = {isa = PBXFileReference; fileEncoding = 4; lastKnownFileType = sourcecode.c.h; path = TXCVideoPreprocessor.h; sourceTree = "<group>"; };
		1837F1C61FAC2414005C46E6 /* TXEVideoPreprocessorDef.h */ = {isa = PBXFileReference; fileEncoding = 4; lastKnownFileType = sourcecode.c.h; path = TXEVideoPreprocessorDef.h; sourceTree = "<group>"; };
		1837F1C71FAC2414005C46E6 /* TXEVideoTypeDef.h */ = {isa = PBXFileReference; fileEncoding = 4; lastKnownFileType = sourcecode.c.h; path = TXEVideoTypeDef.h; sourceTree = "<group>"; };
		1837F1C81FAC2414005C46E6 /* TXINotifyDelegate.h */ = {isa = PBXFileReference; fileEncoding = 4; lastKnownFileType = sourcecode.c.h; path = TXINotifyDelegate.h; sourceTree = "<group>"; };
		1837F1C91FAC2414005C46E6 /* TXIVideoPreprocessorDelegate.h */ = {isa = PBXFileReference; fileEncoding = 4; lastKnownFileType = sourcecode.c.h; path = TXIVideoPreprocessorDelegate.h; sourceTree = "<group>"; };
		1837F1CA1FAC2414005C46E6 /* libTXMBasic.a */ = {isa = PBXFileReference; lastKnownFileType = archive.ar; path = libTXMBasic.a; sourceTree = "<group>"; };
		1837F1CB1FAC2414005C46E6 /* libTXMRenderer.a */ = {isa = PBXFileReference; lastKnownFileType = archive.ar; path = libTXMRenderer.a; sourceTree = "<group>"; };
		1837F1CC1FAC2414005C46E6 /* libTXMVideoPreprocessorBasic.a */ = {isa = PBXFileReference; lastKnownFileType = archive.ar; path = libTXMVideoPreprocessorBasic.a; sourceTree = "<group>"; };
		1837F1CD1FAC2414005C46E6 /* TXLiteAVVideoPreprocessorResource.bundle */ = {isa = PBXFileReference; lastKnownFileType = "wrapper.plug-in"; path = TXLiteAVVideoPreprocessorResource.bundle; sourceTree = "<group>"; };
		18788AE01F583CB900CB3171 /* libc++.tbd */ = {isa = PBXFileReference; lastKnownFileType = "sourcecode.text-based-dylib-definition"; name = "libc++.tbd"; path = "usr/lib/libc++.tbd"; sourceTree = SDKROOT; };
		18788AE21F583CCB00CB3171 /* libstdc++.tbd */ = {isa = PBXFileReference; lastKnownFileType = "sourcecode.text-based-dylib-definition"; name = "libstdc++.tbd"; path = "usr/lib/libstdc++.tbd"; sourceTree = SDKROOT; };
		18788AE41F583CD500CB3171 /* libstdc++.6.tbd */ = {isa = PBXFileReference; lastKnownFileType = "sourcecode.text-based-dylib-definition"; name = "libstdc++.6.tbd"; path = "usr/lib/libstdc++.6.tbd"; sourceTree = SDKROOT; };
		18788AE61F583CDD00CB3171 /* libz.tbd */ = {isa = PBXFileReference; lastKnownFileType = "sourcecode.text-based-dylib-definition"; name = libz.tbd; path = usr/lib/libz.tbd; sourceTree = SDKROOT; };
		18788AE81F583CEB00CB3171 /* libbz2.tbd */ = {isa = PBXFileReference; lastKnownFileType = "sourcecode.text-based-dylib-definition"; name = libbz2.tbd; path = usr/lib/libbz2.tbd; sourceTree = SDKROOT; };
		18788AEA1F583CF600CB3171 /* libiconv.tbd */ = {isa = PBXFileReference; lastKnownFileType = "sourcecode.text-based-dylib-definition"; name = libiconv.tbd; path = usr/lib/libiconv.tbd; sourceTree = SDKROOT; };
		18788AEC1F583D0000CB3171 /* libresolv.tbd */ = {isa = PBXFileReference; lastKnownFileType = "sourcecode.text-based-dylib-definition"; name = libresolv.tbd; path = usr/lib/libresolv.tbd; sourceTree = SDKROOT; };
		18788AEE1F583D0900CB3171 /* libsqlite3.tbd */ = {isa = PBXFileReference; lastKnownFileType = "sourcecode.text-based-dylib-definition"; name = libsqlite3.tbd; path = usr/lib/libsqlite3.tbd; sourceTree = SDKROOT; };
		18788AF01F583D1400CB3171 /* libprotobuf.tbd */ = {isa = PBXFileReference; lastKnownFileType = "sourcecode.text-based-dylib-definition"; name = libprotobuf.tbd; path = usr/lib/libprotobuf.tbd; sourceTree = SDKROOT; };
		18788AF21F583D1E00CB3171 /* UIKit.framework */ = {isa = PBXFileReference; lastKnownFileType = wrapper.framework; name = UIKit.framework; path = System/Library/Frameworks/UIKit.framework; sourceTree = SDKROOT; };
		18788AF41F583D2700CB3171 /* CoreVideo.framework */ = {isa = PBXFileReference; lastKnownFileType = wrapper.framework; name = CoreVideo.framework; path = System/Library/Frameworks/CoreVideo.framework; sourceTree = SDKROOT; };
		18788AF61F583D2F00CB3171 /* CoreMedia.framework */ = {isa = PBXFileReference; lastKnownFileType = wrapper.framework; name = CoreMedia.framework; path = System/Library/Frameworks/CoreMedia.framework; sourceTree = SDKROOT; };
		18788AF81F583D3C00CB3171 /* Accelerate.framework */ = {isa = PBXFileReference; lastKnownFileType = wrapper.framework; name = Accelerate.framework; path = System/Library/Frameworks/Accelerate.framework; sourceTree = SDKROOT; };
		18788AFA1F583D4A00CB3171 /* Foundation.framework */ = {isa = PBXFileReference; lastKnownFileType = wrapper.framework; name = Foundation.framework; path = System/Library/Frameworks/Foundation.framework; sourceTree = SDKROOT; };
		18788AFC1F583D5500CB3171 /* AVFoundation.framework */ = {isa = PBXFileReference; lastKnownFileType = wrapper.framework; name = AVFoundation.framework; path = System/Library/Frameworks/AVFoundation.framework; sourceTree = SDKROOT; };
		18788AFE1F583D5D00CB3171 /* VideoToolbox.framework */ = {isa = PBXFileReference; lastKnownFileType = wrapper.framework; name = VideoToolbox.framework; path = System/Library/Frameworks/VideoToolbox.framework; sourceTree = SDKROOT; };
		18788B001F583D6400CB3171 /* CoreGraphics.framework */ = {isa = PBXFileReference; lastKnownFileType = wrapper.framework; name = CoreGraphics.framework; path = System/Library/Frameworks/CoreGraphics.framework; sourceTree = SDKROOT; };
		18788B021F583D6D00CB3171 /* CoreTelephony.framework */ = {isa = PBXFileReference; lastKnownFileType = wrapper.framework; name = CoreTelephony.framework; path = System/Library/Frameworks/CoreTelephony.framework; sourceTree = SDKROOT; };
		18788B041F583D7700CB3171 /* SystemConfiguration.framework */ = {isa = PBXFileReference; lastKnownFileType = wrapper.framework; name = SystemConfiguration.framework; path = System/Library/Frameworks/SystemConfiguration.framework; sourceTree = SDKROOT; };
		18B49E841F5981290009EF9D /* AssetsLibrary.framework */ = {isa = PBXFileReference; lastKnownFileType = wrapper.framework; name = AssetsLibrary.framework; path = System/Library/Frameworks/AssetsLibrary.framework; sourceTree = SDKROOT; };
		5E91572D1DD0AC6500FF2AA8 /* RCTAnimation.xcodeproj */ = {isa = PBXFileReference; lastKnownFileType = "wrapper.pb-project"; name = RCTAnimation.xcodeproj; path = "../node_modules/react-native/Libraries/NativeAnimation/RCTAnimation.xcodeproj"; sourceTree = "<group>"; };
		78C398B01ACF4ADC00677621 /* RCTLinking.xcodeproj */ = {isa = PBXFileReference; lastKnownFileType = "wrapper.pb-project"; name = RCTLinking.xcodeproj; path = "../node_modules/react-native/Libraries/LinkingIOS/RCTLinking.xcodeproj"; sourceTree = "<group>"; };
		832341B01AAA6A8300B99B32 /* RCTText.xcodeproj */ = {isa = PBXFileReference; lastKnownFileType = "wrapper.pb-project"; name = RCTText.xcodeproj; path = "../node_modules/react-native/Libraries/Text/RCTText.xcodeproj"; sourceTree = "<group>"; };
/* End PBXFileReference section */

/* Begin PBXFrameworksBuildPhase section */
		13B07F8C1A680F5B00A75B9A /* Frameworks */ = {
			isa = PBXFrameworksBuildPhase;
			buildActionMask = 2147483647;
			files = (
				1837F1DB1FAC2414005C46E6 /* libTXMVideoPreprocessorBasic.a in Frameworks */,
				1837F16B1FAB382E005C46E6 /* OpenAL.framework in Frameworks */,
				1837F1651FAB02C5005C46E6 /* IMCore.framework in Frameworks */,
				1837F1661FAB02C5005C46E6 /* ImSDK.framework in Frameworks */,
				1837F1671FAB02C5005C46E6 /* IMSDKBugly.framework in Frameworks */,
				1837F1681FAB02C5005C46E6 /* QALSDK.framework in Frameworks */,
				1837F1691FAB02C5005C46E6 /* TLSSDK.framework in Frameworks */,
				1837F1611FAB02C0005C46E6 /* ILiveSDK.framework in Frameworks */,
				1837F1631FAB02C0005C46E6 /* TILFilterSDK.framework in Frameworks */,
				1837F1641FAB02C0005C46E6 /* TILLiveSDK.framework in Frameworks */,
				1837F15F1FAB02B9005C46E6 /* QAVSDK.framework in Frameworks */,
				18B49E851F5981290009EF9D /* AssetsLibrary.framework in Frameworks */,
				18788B051F583D7700CB3171 /* SystemConfiguration.framework in Frameworks */,
				18788B031F583D6D00CB3171 /* CoreTelephony.framework in Frameworks */,
				18788B011F583D6400CB3171 /* CoreGraphics.framework in Frameworks */,
				18788AFF1F583D5D00CB3171 /* VideoToolbox.framework in Frameworks */,
				18788AFD1F583D5500CB3171 /* AVFoundation.framework in Frameworks */,
				18788AFB1F583D4A00CB3171 /* Foundation.framework in Frameworks */,
				18788AF91F583D3C00CB3171 /* Accelerate.framework in Frameworks */,
				18788AF71F583D2F00CB3171 /* CoreMedia.framework in Frameworks */,
				1837F1D91FAC2414005C46E6 /* libTXMBasic.a in Frameworks */,
				18788AF51F583D2700CB3171 /* CoreVideo.framework in Frameworks */,
				18788AF31F583D1E00CB3171 /* UIKit.framework in Frameworks */,
				18788AF11F583D1400CB3171 /* libprotobuf.tbd in Frameworks */,
				18788AEF1F583D0900CB3171 /* libsqlite3.tbd in Frameworks */,
				18788AED1F583D0000CB3171 /* libresolv.tbd in Frameworks */,
				18788AEB1F583CF600CB3171 /* libiconv.tbd in Frameworks */,
				18788AE91F583CEB00CB3171 /* libbz2.tbd in Frameworks */,
				18788AE71F583CDD00CB3171 /* libz.tbd in Frameworks */,
				18788AE51F583CD500CB3171 /* libstdc++.6.tbd in Frameworks */,
				18788AE31F583CCB00CB3171 /* libstdc++.tbd in Frameworks */,
				18788AE11F583CB900CB3171 /* libc++.tbd in Frameworks */,
				1837F1121FAAF607005C46E6 /* libCOSClient.a in Frameworks */,
				146834051AC3E58100842450 /* libReact.a in Frameworks */,
				5E9157361DD0AC6A00FF2AA8 /* libRCTAnimation.a in Frameworks */,
				00C302E51ABCBA2D00DB3ED1 /* libRCTActionSheet.a in Frameworks */,
				00C302E71ABCBA2D00DB3ED1 /* libRCTGeolocation.a in Frameworks */,
				00C302E81ABCBA2D00DB3ED1 /* libRCTImage.a in Frameworks */,
				133E29F31AD74F7200F7D852 /* libRCTLinking.a in Frameworks */,
				00C302E91ABCBA2D00DB3ED1 /* libRCTNetwork.a in Frameworks */,
				139105C61AF99C1200B5F7CC /* libRCTSettings.a in Frameworks */,
				832341BD1AAA6AB300B99B32 /* libRCTText.a in Frameworks */,
				00C302EA1ABCBA2D00DB3ED1 /* libRCTVibration.a in Frameworks */,
				1837F1DA1FAC2414005C46E6 /* libTXMRenderer.a in Frameworks */,
				139FDEF61B0652A700C62182 /* libRCTWebSocket.a in Frameworks */,
			);
			runOnlyForDeploymentPostprocessing = 0;
		};
/* End PBXFrameworksBuildPhase section */

/* Begin PBXGroup section */
		00C302A81ABCB8CE00DB3ED1 /* Products */ = {
			isa = PBXGroup;
			children = (
				00C302AC1ABCB8CE00DB3ED1 /* libRCTActionSheet.a */,
			);
			name = Products;
			sourceTree = "<group>";
		};
		00C302B61ABCB90400DB3ED1 /* Products */ = {
			isa = PBXGroup;
			children = (
				00C302BA1ABCB90400DB3ED1 /* libRCTGeolocation.a */,
			);
			name = Products;
			sourceTree = "<group>";
		};
		00C302BC1ABCB91800DB3ED1 /* Products */ = {
			isa = PBXGroup;
			children = (
				00C302C01ABCB91800DB3ED1 /* libRCTImage.a */,
				3DAD3E841DF850E9000B6D8A /* libRCTImage-tvOS.a */,
			);
			name = Products;
			sourceTree = "<group>";
		};
		00C302D41ABCB9D200DB3ED1 /* Products */ = {
			isa = PBXGroup;
			children = (
				00C302DC1ABCB9D200DB3ED1 /* libRCTNetwork.a */,
				3DAD3E8C1DF850E9000B6D8A /* libRCTNetwork-tvOS.a */,
			);
			name = Products;
			sourceTree = "<group>";
		};
		00C302E01ABCB9EE00DB3ED1 /* Products */ = {
			isa = PBXGroup;
			children = (
				00C302E41ABCB9EE00DB3ED1 /* libRCTVibration.a */,
			);
			name = Products;
			sourceTree = "<group>";
		};
		139105B71AF99BAD00B5F7CC /* Products */ = {
			isa = PBXGroup;
			children = (
				139105C11AF99BAD00B5F7CC /* libRCTSettings.a */,
				3DAD3E901DF850E9000B6D8A /* libRCTSettings-tvOS.a */,
			);
			name = Products;
			sourceTree = "<group>";
		};
		139FDEE71B06529A00C62182 /* Products */ = {
			isa = PBXGroup;
			children = (
				139FDEF41B06529B00C62182 /* libRCTWebSocket.a */,
				3DAD3E991DF850E9000B6D8A /* libRCTWebSocket-tvOS.a */,
			);
			name = Products;
			sourceTree = "<group>";
		};
		13B07FAE1A68108700A75B9A /* ReactNativeILive */ = {
			isa = PBXGroup;
			children = (
				1837F11E1FAAF6D9005C46E6 /* Frameworks */,
				1837F0E11FAAF607005C46E6 /* RCTILive */,
				008F07F21AC5B25A0029DE68 /* main.jsbundle */,
				13B07FAF1A68108700A75B9A /* AppDelegate.h */,
				13B07FB01A68108700A75B9A /* AppDelegate.m */,
				13B07FB51A68108700A75B9A /* Images.xcassets */,
				13B07FB61A68108700A75B9A /* Info.plist */,
				13B07FB11A68108700A75B9A /* LaunchScreen.xib */,
				13B07FB71A68108700A75B9A /* main.m */,
			);
			name = ReactNativeILive;
			sourceTree = "<group>";
		};
		146834001AC3E56700842450 /* Products */ = {
			isa = PBXGroup;
			children = (
				146834041AC3E56700842450 /* libReact.a */,
				3DAD3EA31DF850E9000B6D8A /* libReact.a */,
				3DAD3EA51DF850E9000B6D8A /* libyoga.a */,
				3DAD3EA71DF850E9000B6D8A /* libyoga.a */,
				3DAD3EA91DF850E9000B6D8A /* libcxxreact.a */,
				3DAD3EAB1DF850E9000B6D8A /* libcxxreact.a */,
				3DAD3EAD1DF850E9000B6D8A /* libjschelpers.a */,
				3DAD3EAF1DF850E9000B6D8A /* libjschelpers.a */,
				18788A861F580EC500CB3171 /* libthird-party.a */,
				18788A881F580EC500CB3171 /* libthird-party.a */,
				18788A8A1F580EC500CB3171 /* libdouble-conversion.a */,
				18788A8C1F580EC500CB3171 /* libdouble-conversion.a */,
			);
			name = Products;
			sourceTree = "<group>";
		};
		182D20511FB0017A001CB054 /* Util */ = {
			isa = PBXGroup;
			children = (
				1837F0EE1FAAF607005C46E6 /* ConstHeader.h */,
				1837F0FA1FAAF607005C46E6 /* ILiveConst.h */,
				1837F0FB1FAAF607005C46E6 /* ILiveConst.m */,
				1837F10A1FAAF607005C46E6 /* TILLiveSDKShow-Prefix.pch */,
			);
			path = Util;
			sourceTree = "<group>";
		};
		182D206F1FB0020A001CB054 /* TableCell */ = {
			isa = PBXGroup;
			children = (
				1837F0FC1FAAF607005C46E6 /* LiveCallView.h */,
				1837F0FD1FAAF607005C46E6 /* LiveCallView.m */,
			);
			path = TableCell;
			sourceTree = "<group>";
		};
		182D20701FB00302001CB054 /* Category */ = {
			isa = PBXGroup;
			children = (
				182D20711FB00302001CB054 /* CategoryHeader.h */,
				182D20721FB00302001CB054 /* UIColor+MLPFlatColors.h */,
				182D20731FB00302001CB054 /* UIColor+MLPFlatColors.m */,
				182D20741FB00302001CB054 /* UIImage+Common.h */,
				182D20751FB00302001CB054 /* UIImage+Common.m */,
				182D20761FB00302001CB054 /* UIImage+TintColor.h */,
				182D20771FB00302001CB054 /* UIImage+TintColor.m */,
				182D20781FB00302001CB054 /* UIView+CustomAutoLayout.h */,
				182D20791FB00302001CB054 /* UIView+CustomAutoLayout.m */,
				182D207A1FB00302001CB054 /* UIView+ShakeAnimation.h */,
				182D207B1FB00302001CB054 /* UIView+ShakeAnimation.m */,
			);
			path = Category;
			sourceTree = "<group>";
		};
		182D20811FB00315001CB054 /* ILIve */ = {
			isa = PBXGroup;
			children = (
				1837F1041FAAF607005C46E6 /* RCTILive.h */,
				1837F1051FAAF607005C46E6 /* RCTILive.m */,
				1837F0FE1FAAF607005C46E6 /* RCTILive+Audio.h */,
				1837F0FF1FAAF607005C46E6 /* RCTILive+Audio.m */,
				1837F1001FAAF607005C46E6 /* RCTILive+AVListener.h */,
				1837F1011FAAF607005C46E6 /* RCTILive+AVListener.m */,
				1837F1021FAAF607005C46E6 /* RCTILive+ImListener.h */,
				1837F1031FAAF607005C46E6 /* RCTILive+ImListener.m */,
				1837F10B1FAAF607005C46E6 /* UserViewManager.h */,
				1837F10C1FAAF607005C46E6 /* UserViewManager.m */,
			);
			path = ILIve;
			sourceTree = "<group>";
		};
		182D20821FB00393001CB054 /* RCTModule */ = {
			isa = PBXGroup;
			children = (
				1837F1061FAAF607005C46E6 /* RCTILiveVideoView.h */,
				1837F1071FAAF607005C46E6 /* RCTILiveVideoView.m */,
				1837F1081FAAF607005C46E6 /* RCTILiveViewManager.h */,
				1837F1091FAAF607005C46E6 /* RCTILiveViewManager.m */,
			);
			path = RCTModule;
			sourceTree = "<group>";
		};
		1837F0E11FAAF607005C46E6 /* RCTILive */ = {
			isa = PBXGroup;
			children = (
				182D20821FB00393001CB054 /* RCTModule */,
				182D20811FB00315001CB054 /* ILIve */,
				182D20701FB00302001CB054 /* Category */,
				182D206F1FB0020A001CB054 /* TableCell */,
				182D20511FB0017A001CB054 /* Util */,
				1837F0EF1FAAF607005C46E6 /* COS_SDK */,
			);
			name = RCTILive;
			path = ReactNativeILive/RCTILive;
			sourceTree = "<group>";
		};
		1837F0EF1FAAF607005C46E6 /* COS_SDK */ = {
			isa = PBXGroup;
			children = (
				1837F0F01FAAF607005C46E6 /* COSClient.h */,
				1837F0F11FAAF607005C46E6 /* COSTask.h */,
				1837F0F21FAAF607005C46E6 /* libCOSClient.a */,
			);
			path = COS_SDK;
			sourceTree = "<group>";
		};
		1837F11E1FAAF6D9005C46E6 /* Frameworks */ = {
			isa = PBXGroup;
			children = (
				1837F1AC1FAC2414005C46E6 /* TXMVideoPreprocessor */,
				1837F14A1FAAFC9B005C46E6 /* AVSDK */,
				1837F14D1FAAFC9B005C46E6 /* ILiveSDK */,
				1837F1591FAAFC9C005C46E6 /* IMSDK */,
				1837F11F1FAAF6D9005C46E6 /* LoadSDK.sh */,
			);
			path = Frameworks;
			sourceTree = "<group>";
		};
		1837F14A1FAAFC9B005C46E6 /* AVSDK */ = {
			isa = PBXGroup;
			children = (
				1837F14B1FAAFC9B005C46E6 /* QAVSDK.framework */,
			);
			path = AVSDK;
			sourceTree = "<group>";
		};
		1837F14D1FAAFC9B005C46E6 /* ILiveSDK */ = {
			isa = PBXGroup;
			children = (
				1837F14E1FAAFC9B005C46E6 /* ILiveSDK.framework */,
				1837F14F1FAAFC9B005C46E6 /* TILFilterResource.bundle */,
				1837F1501FAAFC9B005C46E6 /* TILFilterSDK.framework */,
				1837F1511FAAFC9B005C46E6 /* TILLiveSDK.framework */,
			);
			path = ILiveSDK;
			sourceTree = "<group>";
		};
		1837F1591FAAFC9C005C46E6 /* IMSDK */ = {
			isa = PBXGroup;
			children = (
				1837F15A1FAAFC9C005C46E6 /* IMCore.framework */,
				1837F15B1FAAFC9C005C46E6 /* ImSDK.framework */,
				1837F15C1FAAFC9C005C46E6 /* IMSDKBugly.framework */,
				1837F15D1FAAFC9C005C46E6 /* QALSDK.framework */,
				1837F15E1FAAFC9C005C46E6 /* TLSSDK.framework */,
			);
			path = IMSDK;
			sourceTree = "<group>";
		};
		1837F1AC1FAC2414005C46E6 /* TXMVideoPreprocessor */ = {
			isa = PBXGroup;
			children = (
				1837F1C21FAC2414005C46E6 /* basic */,
			);
			path = TXMVideoPreprocessor;
			sourceTree = "<group>";
		};
		1837F1C21FAC2414005C46E6 /* basic */ = {
			isa = PBXGroup;
			children = (
				1837F1C31FAC2414005C46E6 /* include */,
				1837F1CA1FAC2414005C46E6 /* libTXMBasic.a */,
				1837F1CB1FAC2414005C46E6 /* libTXMRenderer.a */,
				1837F1CC1FAC2414005C46E6 /* libTXMVideoPreprocessorBasic.a */,
				1837F1CD1FAC2414005C46E6 /* TXLiteAVVideoPreprocessorResource.bundle */,
			);
			path = basic;
			sourceTree = "<group>";
		};
		1837F1C31FAC2414005C46E6 /* include */ = {
			isa = PBXGroup;
			children = (
				1837F1C41FAC2414005C46E6 /* TXCRenderView.h */,
				1837F1C51FAC2414005C46E6 /* TXCVideoPreprocessor.h */,
				1837F1C61FAC2414005C46E6 /* TXEVideoPreprocessorDef.h */,
				1837F1C71FAC2414005C46E6 /* TXEVideoTypeDef.h */,
				1837F1C81FAC2414005C46E6 /* TXINotifyDelegate.h */,
				1837F1C91FAC2414005C46E6 /* TXIVideoPreprocessorDelegate.h */,
			);
			path = include;
			sourceTree = "<group>";
		};
		18788AA41F58325D00CB3171 /* Frameworks */ = {
			isa = PBXGroup;
			children = (
				1837F16A1FAB382E005C46E6 /* OpenAL.framework */,
				18B49E841F5981290009EF9D /* AssetsLibrary.framework */,
				18788B041F583D7700CB3171 /* SystemConfiguration.framework */,
				18788B021F583D6D00CB3171 /* CoreTelephony.framework */,
				18788B001F583D6400CB3171 /* CoreGraphics.framework */,
				18788AFE1F583D5D00CB3171 /* VideoToolbox.framework */,
				18788AFC1F583D5500CB3171 /* AVFoundation.framework */,
				18788AFA1F583D4A00CB3171 /* Foundation.framework */,
				18788AF81F583D3C00CB3171 /* Accelerate.framework */,
				18788AF61F583D2F00CB3171 /* CoreMedia.framework */,
				18788AF41F583D2700CB3171 /* CoreVideo.framework */,
				18788AF21F583D1E00CB3171 /* UIKit.framework */,
				18788AF01F583D1400CB3171 /* libprotobuf.tbd */,
				18788AEE1F583D0900CB3171 /* libsqlite3.tbd */,
				18788AEC1F583D0000CB3171 /* libresolv.tbd */,
				18788AEA1F583CF600CB3171 /* libiconv.tbd */,
				18788AE81F583CEB00CB3171 /* libbz2.tbd */,
				18788AE61F583CDD00CB3171 /* libz.tbd */,
				18788AE41F583CD500CB3171 /* libstdc++.6.tbd */,
				18788AE21F583CCB00CB3171 /* libstdc++.tbd */,
				18788AE01F583CB900CB3171 /* libc++.tbd */,
			);
			name = Frameworks;
			sourceTree = "<group>";
		};
		5E91572E1DD0AC6500FF2AA8 /* Products */ = {
			isa = PBXGroup;
			children = (
				5E9157331DD0AC6500FF2AA8 /* libRCTAnimation.a */,
				5E9157351DD0AC6500FF2AA8 /* libRCTAnimation.a */,
			);
			name = Products;
			sourceTree = "<group>";
		};
		78C398B11ACF4ADC00677621 /* Products */ = {
			isa = PBXGroup;
			children = (
				78C398B91ACF4ADC00677621 /* libRCTLinking.a */,
				3DAD3E881DF850E9000B6D8A /* libRCTLinking-tvOS.a */,
			);
			name = Products;
			sourceTree = "<group>";
		};
		832341AE1AAA6A7D00B99B32 /* Libraries */ = {
			isa = PBXGroup;
			children = (
				5E91572D1DD0AC6500FF2AA8 /* RCTAnimation.xcodeproj */,
				146833FF1AC3E56700842450 /* React.xcodeproj */,
				00C302A71ABCB8CE00DB3ED1 /* RCTActionSheet.xcodeproj */,
				00C302B51ABCB90400DB3ED1 /* RCTGeolocation.xcodeproj */,
				00C302BB1ABCB91800DB3ED1 /* RCTImage.xcodeproj */,
				78C398B01ACF4ADC00677621 /* RCTLinking.xcodeproj */,
				00C302D31ABCB9D200DB3ED1 /* RCTNetwork.xcodeproj */,
				139105B61AF99BAD00B5F7CC /* RCTSettings.xcodeproj */,
				832341B01AAA6A8300B99B32 /* RCTText.xcodeproj */,
				00C302DF1ABCB9EE00DB3ED1 /* RCTVibration.xcodeproj */,
				139FDEE61B06529A00C62182 /* RCTWebSocket.xcodeproj */,
			);
			name = Libraries;
			sourceTree = "<group>";
		};
		832341B11AAA6A8300B99B32 /* Products */ = {
			isa = PBXGroup;
			children = (
				832341B51AAA6A8300B99B32 /* libRCTText.a */,
				3DAD3E941DF850E9000B6D8A /* libRCTText-tvOS.a */,
			);
			name = Products;
			sourceTree = "<group>";
		};
		83CBB9F61A601CBA00E9B192 = {
			isa = PBXGroup;
			children = (
				13B07FAE1A68108700A75B9A /* ReactNativeILive */,
				832341AE1AAA6A7D00B99B32 /* Libraries */,
				83CBBA001A601CBA00E9B192 /* Products */,
				18788AA41F58325D00CB3171 /* Frameworks */,
			);
			indentWidth = 2;
			sourceTree = "<group>";
			tabWidth = 2;
		};
		83CBBA001A601CBA00E9B192 /* Products */ = {
			isa = PBXGroup;
			children = (
				13B07F961A680F5B00A75B9A /* ReactNativeILive.app */,
			);
			name = Products;
			sourceTree = "<group>";
		};
/* End PBXGroup section */

/* Begin PBXNativeTarget section */
		13B07F861A680F5B00A75B9A /* ReactNativeILive */ = {
			isa = PBXNativeTarget;
			buildConfigurationList = 13B07F931A680F5B00A75B9A /* Build configuration list for PBXNativeTarget "ReactNativeILive" */;
			buildPhases = (
				13B07F871A680F5B00A75B9A /* Sources */,
				13B07F8C1A680F5B00A75B9A /* Frameworks */,
				13B07F8E1A680F5B00A75B9A /* Resources */,
				00DD1BFF1BD5951E006B06BC /* Bundle React Native code and images */,
			);
			buildRules = (
			);
			dependencies = (
			);
			name = ReactNativeILive;
			productName = "Hello World";
			productReference = 13B07F961A680F5B00A75B9A /* ReactNativeILive.app */;
			productType = "com.apple.product-type.application";
		};
/* End PBXNativeTarget section */

/* Begin PBXProject section */
		83CBB9F71A601CBA00E9B192 /* Project object */ = {
			isa = PBXProject;
			attributes = {
				LastUpgradeCheck = 0610;
				ORGANIZATIONNAME = Facebook;
				TargetAttributes = {
					13B07F861A680F5B00A75B9A = {
						DevelopmentTeam = UWL4UWZ95B;
					};
				};
			};
			buildConfigurationList = 83CBB9FA1A601CBA00E9B192 /* Build configuration list for PBXProject "ReactNativeILive" */;
			compatibilityVersion = "Xcode 3.2";
			developmentRegion = English;
			hasScannedForEncodings = 0;
			knownRegions = (
				en,
				Base,
			);
			mainGroup = 83CBB9F61A601CBA00E9B192;
			productRefGroup = 83CBBA001A601CBA00E9B192 /* Products */;
			projectDirPath = "";
			projectReferences = (
				{
					ProductGroup = 00C302A81ABCB8CE00DB3ED1 /* Products */;
					ProjectRef = 00C302A71ABCB8CE00DB3ED1 /* RCTActionSheet.xcodeproj */;
				},
				{
					ProductGroup = 5E91572E1DD0AC6500FF2AA8 /* Products */;
					ProjectRef = 5E91572D1DD0AC6500FF2AA8 /* RCTAnimation.xcodeproj */;
				},
				{
					ProductGroup = 00C302B61ABCB90400DB3ED1 /* Products */;
					ProjectRef = 00C302B51ABCB90400DB3ED1 /* RCTGeolocation.xcodeproj */;
				},
				{
					ProductGroup = 00C302BC1ABCB91800DB3ED1 /* Products */;
					ProjectRef = 00C302BB1ABCB91800DB3ED1 /* RCTImage.xcodeproj */;
				},
				{
					ProductGroup = 78C398B11ACF4ADC00677621 /* Products */;
					ProjectRef = 78C398B01ACF4ADC00677621 /* RCTLinking.xcodeproj */;
				},
				{
					ProductGroup = 00C302D41ABCB9D200DB3ED1 /* Products */;
					ProjectRef = 00C302D31ABCB9D200DB3ED1 /* RCTNetwork.xcodeproj */;
				},
				{
					ProductGroup = 139105B71AF99BAD00B5F7CC /* Products */;
					ProjectRef = 139105B61AF99BAD00B5F7CC /* RCTSettings.xcodeproj */;
				},
				{
					ProductGroup = 832341B11AAA6A8300B99B32 /* Products */;
					ProjectRef = 832341B01AAA6A8300B99B32 /* RCTText.xcodeproj */;
				},
				{
					ProductGroup = 00C302E01ABCB9EE00DB3ED1 /* Products */;
					ProjectRef = 00C302DF1ABCB9EE00DB3ED1 /* RCTVibration.xcodeproj */;
				},
				{
					ProductGroup = 139FDEE71B06529A00C62182 /* Products */;
					ProjectRef = 139FDEE61B06529A00C62182 /* RCTWebSocket.xcodeproj */;
				},
				{
					ProductGroup = 146834001AC3E56700842450 /* Products */;
					ProjectRef = 146833FF1AC3E56700842450 /* React.xcodeproj */;
				},
			);
			projectRoot = "";
			targets = (
				13B07F861A680F5B00A75B9A /* ReactNativeILive */,
			);
		};
/* End PBXProject section */

/* Begin PBXReferenceProxy section */
		00C302AC1ABCB8CE00DB3ED1 /* libRCTActionSheet.a */ = {
			isa = PBXReferenceProxy;
			fileType = archive.ar;
			path = libRCTActionSheet.a;
			remoteRef = 00C302AB1ABCB8CE00DB3ED1 /* PBXContainerItemProxy */;
			sourceTree = BUILT_PRODUCTS_DIR;
		};
		00C302BA1ABCB90400DB3ED1 /* libRCTGeolocation.a */ = {
			isa = PBXReferenceProxy;
			fileType = archive.ar;
			path = libRCTGeolocation.a;
			remoteRef = 00C302B91ABCB90400DB3ED1 /* PBXContainerItemProxy */;
			sourceTree = BUILT_PRODUCTS_DIR;
		};
		00C302C01ABCB91800DB3ED1 /* libRCTImage.a */ = {
			isa = PBXReferenceProxy;
			fileType = archive.ar;
			path = libRCTImage.a;
			remoteRef = 00C302BF1ABCB91800DB3ED1 /* PBXContainerItemProxy */;
			sourceTree = BUILT_PRODUCTS_DIR;
		};
		00C302DC1ABCB9D200DB3ED1 /* libRCTNetwork.a */ = {
			isa = PBXReferenceProxy;
			fileType = archive.ar;
			path = libRCTNetwork.a;
			remoteRef = 00C302DB1ABCB9D200DB3ED1 /* PBXContainerItemProxy */;
			sourceTree = BUILT_PRODUCTS_DIR;
		};
		00C302E41ABCB9EE00DB3ED1 /* libRCTVibration.a */ = {
			isa = PBXReferenceProxy;
			fileType = archive.ar;
			path = libRCTVibration.a;
			remoteRef = 00C302E31ABCB9EE00DB3ED1 /* PBXContainerItemProxy */;
			sourceTree = BUILT_PRODUCTS_DIR;
		};
		139105C11AF99BAD00B5F7CC /* libRCTSettings.a */ = {
			isa = PBXReferenceProxy;
			fileType = archive.ar;
			path = libRCTSettings.a;
			remoteRef = 139105C01AF99BAD00B5F7CC /* PBXContainerItemProxy */;
			sourceTree = BUILT_PRODUCTS_DIR;
		};
		139FDEF41B06529B00C62182 /* libRCTWebSocket.a */ = {
			isa = PBXReferenceProxy;
			fileType = archive.ar;
			path = libRCTWebSocket.a;
			remoteRef = 139FDEF31B06529B00C62182 /* PBXContainerItemProxy */;
			sourceTree = BUILT_PRODUCTS_DIR;
		};
		146834041AC3E56700842450 /* libReact.a */ = {
			isa = PBXReferenceProxy;
			fileType = archive.ar;
			path = libReact.a;
			remoteRef = 146834031AC3E56700842450 /* PBXContainerItemProxy */;
			sourceTree = BUILT_PRODUCTS_DIR;
		};
		18788A861F580EC500CB3171 /* libthird-party.a */ = {
			isa = PBXReferenceProxy;
			fileType = archive.ar;
			path = "libthird-party.a";
			remoteRef = 18788A851F580EC500CB3171 /* PBXContainerItemProxy */;
			sourceTree = BUILT_PRODUCTS_DIR;
		};
		18788A881F580EC500CB3171 /* libthird-party.a */ = {
			isa = PBXReferenceProxy;
			fileType = archive.ar;
			path = "libthird-party.a";
			remoteRef = 18788A871F580EC500CB3171 /* PBXContainerItemProxy */;
			sourceTree = BUILT_PRODUCTS_DIR;
		};
		18788A8A1F580EC500CB3171 /* libdouble-conversion.a */ = {
			isa = PBXReferenceProxy;
			fileType = archive.ar;
			path = "libdouble-conversion.a";
			remoteRef = 18788A891F580EC500CB3171 /* PBXContainerItemProxy */;
			sourceTree = BUILT_PRODUCTS_DIR;
		};
		18788A8C1F580EC500CB3171 /* libdouble-conversion.a */ = {
			isa = PBXReferenceProxy;
			fileType = archive.ar;
			path = "libdouble-conversion.a";
			remoteRef = 18788A8B1F580EC500CB3171 /* PBXContainerItemProxy */;
			sourceTree = BUILT_PRODUCTS_DIR;
		};
		3DAD3E841DF850E9000B6D8A /* libRCTImage-tvOS.a */ = {
			isa = PBXReferenceProxy;
			fileType = archive.ar;
			path = "libRCTImage-tvOS.a";
			remoteRef = 3DAD3E831DF850E9000B6D8A /* PBXContainerItemProxy */;
			sourceTree = BUILT_PRODUCTS_DIR;
		};
		3DAD3E881DF850E9000B6D8A /* libRCTLinking-tvOS.a */ = {
			isa = PBXReferenceProxy;
			fileType = archive.ar;
			path = "libRCTLinking-tvOS.a";
			remoteRef = 3DAD3E871DF850E9000B6D8A /* PBXContainerItemProxy */;
			sourceTree = BUILT_PRODUCTS_DIR;
		};
		3DAD3E8C1DF850E9000B6D8A /* libRCTNetwork-tvOS.a */ = {
			isa = PBXReferenceProxy;
			fileType = archive.ar;
			path = "libRCTNetwork-tvOS.a";
			remoteRef = 3DAD3E8B1DF850E9000B6D8A /* PBXContainerItemProxy */;
			sourceTree = BUILT_PRODUCTS_DIR;
		};
		3DAD3E901DF850E9000B6D8A /* libRCTSettings-tvOS.a */ = {
			isa = PBXReferenceProxy;
			fileType = archive.ar;
			path = "libRCTSettings-tvOS.a";
			remoteRef = 3DAD3E8F1DF850E9000B6D8A /* PBXContainerItemProxy */;
			sourceTree = BUILT_PRODUCTS_DIR;
		};
		3DAD3E941DF850E9000B6D8A /* libRCTText-tvOS.a */ = {
			isa = PBXReferenceProxy;
			fileType = archive.ar;
			path = "libRCTText-tvOS.a";
			remoteRef = 3DAD3E931DF850E9000B6D8A /* PBXContainerItemProxy */;
			sourceTree = BUILT_PRODUCTS_DIR;
		};
		3DAD3E991DF850E9000B6D8A /* libRCTWebSocket-tvOS.a */ = {
			isa = PBXReferenceProxy;
			fileType = archive.ar;
			path = "libRCTWebSocket-tvOS.a";
			remoteRef = 3DAD3E981DF850E9000B6D8A /* PBXContainerItemProxy */;
			sourceTree = BUILT_PRODUCTS_DIR;
		};
		3DAD3EA31DF850E9000B6D8A /* libReact.a */ = {
			isa = PBXReferenceProxy;
			fileType = archive.ar;
			path = libReact.a;
			remoteRef = 3DAD3EA21DF850E9000B6D8A /* PBXContainerItemProxy */;
			sourceTree = BUILT_PRODUCTS_DIR;
		};
		3DAD3EA51DF850E9000B6D8A /* libyoga.a */ = {
			isa = PBXReferenceProxy;
			fileType = archive.ar;
			path = libyoga.a;
			remoteRef = 3DAD3EA41DF850E9000B6D8A /* PBXContainerItemProxy */;
			sourceTree = BUILT_PRODUCTS_DIR;
		};
		3DAD3EA71DF850E9000B6D8A /* libyoga.a */ = {
			isa = PBXReferenceProxy;
			fileType = archive.ar;
			path = libyoga.a;
			remoteRef = 3DAD3EA61DF850E9000B6D8A /* PBXContainerItemProxy */;
			sourceTree = BUILT_PRODUCTS_DIR;
		};
		3DAD3EA91DF850E9000B6D8A /* libcxxreact.a */ = {
			isa = PBXReferenceProxy;
			fileType = archive.ar;
			path = libcxxreact.a;
			remoteRef = 3DAD3EA81DF850E9000B6D8A /* PBXContainerItemProxy */;
			sourceTree = BUILT_PRODUCTS_DIR;
		};
		3DAD3EAB1DF850E9000B6D8A /* libcxxreact.a */ = {
			isa = PBXReferenceProxy;
			fileType = archive.ar;
			path = libcxxreact.a;
			remoteRef = 3DAD3EAA1DF850E9000B6D8A /* PBXContainerItemProxy */;
			sourceTree = BUILT_PRODUCTS_DIR;
		};
		3DAD3EAD1DF850E9000B6D8A /* libjschelpers.a */ = {
			isa = PBXReferenceProxy;
			fileType = archive.ar;
			path = libjschelpers.a;
			remoteRef = 3DAD3EAC1DF850E9000B6D8A /* PBXContainerItemProxy */;
			sourceTree = BUILT_PRODUCTS_DIR;
		};
		3DAD3EAF1DF850E9000B6D8A /* libjschelpers.a */ = {
			isa = PBXReferenceProxy;
			fileType = archive.ar;
			path = libjschelpers.a;
			remoteRef = 3DAD3EAE1DF850E9000B6D8A /* PBXContainerItemProxy */;
			sourceTree = BUILT_PRODUCTS_DIR;
		};
		5E9157331DD0AC6500FF2AA8 /* libRCTAnimation.a */ = {
			isa = PBXReferenceProxy;
			fileType = archive.ar;
			path = libRCTAnimation.a;
			remoteRef = 5E9157321DD0AC6500FF2AA8 /* PBXContainerItemProxy */;
			sourceTree = BUILT_PRODUCTS_DIR;
		};
		5E9157351DD0AC6500FF2AA8 /* libRCTAnimation.a */ = {
			isa = PBXReferenceProxy;
			fileType = archive.ar;
			path = libRCTAnimation.a;
			remoteRef = 5E9157341DD0AC6500FF2AA8 /* PBXContainerItemProxy */;
			sourceTree = BUILT_PRODUCTS_DIR;
		};
		78C398B91ACF4ADC00677621 /* libRCTLinking.a */ = {
			isa = PBXReferenceProxy;
			fileType = archive.ar;
			path = libRCTLinking.a;
			remoteRef = 78C398B81ACF4ADC00677621 /* PBXContainerItemProxy */;
			sourceTree = BUILT_PRODUCTS_DIR;
		};
		832341B51AAA6A8300B99B32 /* libRCTText.a */ = {
			isa = PBXReferenceProxy;
			fileType = archive.ar;
			path = libRCTText.a;
			remoteRef = 832341B41AAA6A8300B99B32 /* PBXContainerItemProxy */;
			sourceTree = BUILT_PRODUCTS_DIR;
		};
/* End PBXReferenceProxy section */

/* Begin PBXResourcesBuildPhase section */
		13B07F8E1A680F5B00A75B9A /* Resources */ = {
			isa = PBXResourcesBuildPhase;
			buildActionMask = 2147483647;
			files = (
				1837F1DC1FAC2414005C46E6 /* TXLiteAVVideoPreprocessorResource.bundle in Resources */,
				13B07FBF1A68108700A75B9A /* Images.xcassets in Resources */,
				13B07FBD1A68108700A75B9A /* LaunchScreen.xib in Resources */,
				1837F1201FAAF6D9005C46E6 /* LoadSDK.sh in Resources */,
			);
			runOnlyForDeploymentPostprocessing = 0;
		};
/* End PBXResourcesBuildPhase section */

/* Begin PBXShellScriptBuildPhase section */
		00DD1BFF1BD5951E006B06BC /* Bundle React Native code and images */ = {
			isa = PBXShellScriptBuildPhase;
			buildActionMask = 2147483647;
			files = (
			);
			inputPaths = (
			);
			name = "Bundle React Native code and images";
			outputPaths = (
			);
			runOnlyForDeploymentPostprocessing = 0;
			shellPath = /bin/sh;
			shellScript = "export NODE_BINARY=node\n../node_modules/react-native/scripts/react-native-xcode.sh";
		};
/* End PBXShellScriptBuildPhase section */

/* Begin PBXSourcesBuildPhase section */
		13B07F871A680F5B00A75B9A /* Sources */ = {
			isa = PBXSourcesBuildPhase;
			buildActionMask = 2147483647;
			files = (
				182D207D1FB00302001CB054 /* UIImage+Common.m in Sources */,
				182D207F1FB00302001CB054 /* UIView+CustomAutoLayout.m in Sources */,
				1837F11D1FAAF607005C46E6 /* UserViewManager.m in Sources */,
				1837F11A1FAAF607005C46E6 /* RCTILive.m in Sources */,
				1837F11B1FAAF607005C46E6 /* RCTILiveVideoView.m in Sources */,
				1837F1171FAAF607005C46E6 /* RCTILive+Audio.m in Sources */,
				13B07FBC1A68108700A75B9A /* AppDelegate.m in Sources */,
				1837F11C1FAAF607005C46E6 /* RCTILiveViewManager.m in Sources */,
				182D207E1FB00302001CB054 /* UIImage+TintColor.m in Sources */,
				1837F1181FAAF607005C46E6 /* RCTILive+AVListener.m in Sources */,
				1837F1191FAAF607005C46E6 /* RCTILive+ImListener.m in Sources */,
				13B07FC11A68108700A75B9A /* main.m in Sources */,
				182D207C1FB00302001CB054 /* UIColor+MLPFlatColors.m in Sources */,
				182D20801FB00302001CB054 /* UIView+ShakeAnimation.m in Sources */,
				1837F1161FAAF607005C46E6 /* LiveCallView.m in Sources */,
				1837F1151FAAF607005C46E6 /* ILiveConst.m in Sources */,
			);
			runOnlyForDeploymentPostprocessing = 0;
		};
/* End PBXSourcesBuildPhase section */

/* Begin PBXVariantGroup section */
		13B07FB11A68108700A75B9A /* LaunchScreen.xib */ = {
			isa = PBXVariantGroup;
			children = (
				13B07FB21A68108700A75B9A /* Base */,
			);
			name = LaunchScreen.xib;
			path = ReactNativeILive;
			sourceTree = "<group>";
		};
/* End PBXVariantGroup section */

/* Begin XCBuildConfiguration section */
		13B07F941A680F5B00A75B9A /* Debug */ = {
			isa = XCBuildConfiguration;
			buildSettings = {
				ASSETCATALOG_COMPILER_APPICON_NAME = AppIcon;
				CURRENT_PROJECT_VERSION = 1;
				DEAD_CODE_STRIPPING = NO;
				DEVELOPMENT_TEAM = UWL4UWZ95B;
				ENABLE_BITCODE = NO;
				FRAMEWORK_SEARCH_PATHS = (
					"$(inherited)",
					"$(PROJECT_DIR)/Frameworks/AVSDK",
					"$(PROJECT_DIR)/Frameworks/ILiveSDK",
					"$(PROJECT_DIR)/Frameworks/IMSDK",
					"$(PROJECT_DIR)/Frameworks/TXMVideoPreprocessor/advance/Pitu",
				);
				GCC_PRECOMPILE_PREFIX_HEADER = YES;
				GCC_PREFIX_HEADER = "ReactNativeILive/RCTILive/Util/TILLiveSDKShow-Prefix.pch";
				INFOPLIST_FILE = ReactNativeILive/Info.plist;
				IPHONEOS_DEPLOYMENT_TARGET = 10.3;
				LD_RUNPATH_SEARCH_PATHS = "$(inherited) @executable_path/Frameworks";
				LIBRARY_SEARCH_PATHS = (
					"$(inherited)",
					"$(PROJECT_DIR)/ReactNativeILive/RCTILive/COS_SDK",
					"$(PROJECT_DIR)/Frameworks/TXMVideoPreprocessor/basic",
				);
				ONLY_ACTIVE_ARCH = YES;
				OTHER_LDFLAGS = "$(inherited)";
				PRODUCT_BUNDLE_IDENTIFIER = com.learnta.ilive;
				PRODUCT_NAME = ReactNativeILive;
				VERSIONING_SYSTEM = "apple-generic";
			};
			name = Debug;
		};
		13B07F951A680F5B00A75B9A /* Release */ = {
			isa = XCBuildConfiguration;
			buildSettings = {
				ASSETCATALOG_COMPILER_APPICON_NAME = AppIcon;
				CURRENT_PROJECT_VERSION = 1;
				DEVELOPMENT_TEAM = UWL4UWZ95B;
				ENABLE_BITCODE = NO;
				FRAMEWORK_SEARCH_PATHS = (
					"$(inherited)",
					"$(PROJECT_DIR)/Frameworks/AVSDK",
					"$(PROJECT_DIR)/Frameworks/ILiveSDK",
					"$(PROJECT_DIR)/Frameworks/IMSDK",
					"$(PROJECT_DIR)/Frameworks/TXMVideoPreprocessor/advance/Pitu",
				);
				GCC_PRECOMPILE_PREFIX_HEADER = YES;
				GCC_PREFIX_HEADER = "ReactNativeILive/RCTILive/Util/TILLiveSDKShow-Prefix.pch";
				INFOPLIST_FILE = ReactNativeILive/Info.plist;
				IPHONEOS_DEPLOYMENT_TARGET = 10.3;
				LD_RUNPATH_SEARCH_PATHS = "$(inherited) @executable_path/Frameworks";
				LIBRARY_SEARCH_PATHS = (
					"$(inherited)",
					"$(PROJECT_DIR)/ReactNativeILive/RCTILive/COS_SDK",
					"$(PROJECT_DIR)/Frameworks/TXMVideoPreprocessor/basic",
				);
				ONLY_ACTIVE_ARCH = NO;
				OTHER_LDFLAGS = "$(inherited)";
				PRODUCT_BUNDLE_IDENTIFIER = com.learnta.ilive;
				PRODUCT_NAME = ReactNativeILive;
				VERSIONING_SYSTEM = "apple-generic";
			};
			name = Release;
		};
		83CBBA201A601CBA00E9B192 /* Debug */ = {
			isa = XCBuildConfiguration;
			buildSettings = {
				ALWAYS_SEARCH_USER_PATHS = NO;
				CLANG_CXX_LANGUAGE_STANDARD = "gnu++0x";
				CLANG_CXX_LIBRARY = "libc++";
				CLANG_ENABLE_MODULES = YES;
				CLANG_ENABLE_OBJC_ARC = YES;
				CLANG_WARN_BOOL_CONVERSION = YES;
				CLANG_WARN_CONSTANT_CONVERSION = YES;
				CLANG_WARN_DIRECT_OBJC_ISA_USAGE = YES_ERROR;
				CLANG_WARN_EMPTY_BODY = YES;
				CLANG_WARN_ENUM_CONVERSION = YES;
				CLANG_WARN_INT_CONVERSION = YES;
				CLANG_WARN_OBJC_ROOT_CLASS = YES_ERROR;
				CLANG_WARN_UNREACHABLE_CODE = YES;
				CLANG_WARN__DUPLICATE_METHOD_MATCH = YES;
				"CODE_SIGN_IDENTITY[sdk=iphoneos*]" = "iPhone Developer";
				COPY_PHASE_STRIP = NO;
				ENABLE_BITCODE = NO;
				ENABLE_STRICT_OBJC_MSGSEND = YES;
				GCC_C_LANGUAGE_STANDARD = gnu99;
				GCC_DYNAMIC_NO_PIC = NO;
				GCC_OPTIMIZATION_LEVEL = 0;
				GCC_PREPROCESSOR_DEFINITIONS = (
					"DEBUG=1",
					"$(inherited)",
				);
				GCC_SYMBOLS_PRIVATE_EXTERN = NO;
				GCC_WARN_64_TO_32_BIT_CONVERSION = YES;
				GCC_WARN_ABOUT_RETURN_TYPE = YES_ERROR;
				GCC_WARN_UNDECLARED_SELECTOR = YES;
				GCC_WARN_UNINITIALIZED_AUTOS = YES_AGGRESSIVE;
				GCC_WARN_UNUSED_FUNCTION = YES;
				GCC_WARN_UNUSED_VARIABLE = YES;
				IPHONEOS_DEPLOYMENT_TARGET = 10.3;
				MTL_ENABLE_DEBUG_INFO = YES;
				ONLY_ACTIVE_ARCH = YES;
				OTHER_LDFLAGS = (
					"$(inherited)",
					"-ObjC",
				);
				SDKROOT = iphoneos;
				VALID_ARCHS = "armv7 arm64 armv7s";
			};
			name = Debug;
		};
		83CBBA211A601CBA00E9B192 /* Release */ = {
			isa = XCBuildConfiguration;
			buildSettings = {
				ALWAYS_SEARCH_USER_PATHS = NO;
				CLANG_CXX_LANGUAGE_STANDARD = "gnu++0x";
				CLANG_CXX_LIBRARY = "libc++";
				CLANG_ENABLE_MODULES = YES;
				CLANG_ENABLE_OBJC_ARC = YES;
				CLANG_WARN_BOOL_CONVERSION = YES;
				CLANG_WARN_CONSTANT_CONVERSION = YES;
				CLANG_WARN_DIRECT_OBJC_ISA_USAGE = YES_ERROR;
				CLANG_WARN_EMPTY_BODY = YES;
				CLANG_WARN_ENUM_CONVERSION = YES;
				CLANG_WARN_INT_CONVERSION = YES;
				CLANG_WARN_OBJC_ROOT_CLASS = YES_ERROR;
				CLANG_WARN_UNREACHABLE_CODE = YES;
				CLANG_WARN__DUPLICATE_METHOD_MATCH = YES;
				"CODE_SIGN_IDENTITY[sdk=iphoneos*]" = "iPhone Developer";
				COPY_PHASE_STRIP = YES;
				ENABLE_BITCODE = NO;
				ENABLE_NS_ASSERTIONS = NO;
				ENABLE_STRICT_OBJC_MSGSEND = YES;
				GCC_C_LANGUAGE_STANDARD = gnu99;
				GCC_WARN_64_TO_32_BIT_CONVERSION = YES;
				GCC_WARN_ABOUT_RETURN_TYPE = YES_ERROR;
				GCC_WARN_UNDECLARED_SELECTOR = YES;
				GCC_WARN_UNINITIALIZED_AUTOS = YES_AGGRESSIVE;
				GCC_WARN_UNUSED_FUNCTION = YES;
				GCC_WARN_UNUSED_VARIABLE = YES;
				IPHONEOS_DEPLOYMENT_TARGET = 10.3;
				MTL_ENABLE_DEBUG_INFO = NO;
				ONLY_ACTIVE_ARCH = NO;
				OTHER_LDFLAGS = (
					"$(inherited)",
					"-ObjC",
				);
				SDKROOT = iphoneos;
				VALIDATE_PRODUCT = YES;
				VALID_ARCHS = "armv7 arm64 armv7s";
			};
			name = Release;
		};
/* End XCBuildConfiguration section */

/* Begin XCConfigurationList section */
		13B07F931A680F5B00A75B9A /* Build configuration list for PBXNativeTarget "ReactNativeILive" */ = {
			isa = XCConfigurationList;
			buildConfigurations = (
				13B07F941A680F5B00A75B9A /* Debug */,
				13B07F951A680F5B00A75B9A /* Release */,
			);
			defaultConfigurationIsVisible = 0;
			defaultConfigurationName = Release;
		};
		83CBB9FA1A601CBA00E9B192 /* Build configuration list for PBXProject "ReactNativeILive" */ = {
			isa = XCConfigurationList;
			buildConfigurations = (
				83CBBA201A601CBA00E9B192 /* Debug */,
				83CBBA211A601CBA00E9B192 /* Release */,
			);
			defaultConfigurationIsVisible = 0;
			defaultConfigurationName = Release;
		};
/* End XCConfigurationList section */
	};
	rootObject = 83CBB9F71A601CBA00E9B192 /* Project object */;
}
